{
  "originHash" : "85ed7a39d28ce8c385044506d31fe52c47a2d0ff0ff313de37e0f246a2e5659e",
  "pins" : [
    {
      "identity" : "swift-format-plugin",
      "kind" : "remoteSourceControl",
      "location" : "https://github.com/Brent-Tunnicliff/swift-format-plugin",
      "state" : {
        "revision" : "8dc2cebcb58e287f87b5292e519d0ca78ad5933c",
        "version" : "2.0.1"
      }
    }
  ],
  "version" : 3
}
