{
  "originHash" : "85ed7a39d28ce8c385044506d31fe52c47a2d0ff0ff313de37e0f246a2e5659e",
  "pins" : [
    {
      "identity" : "swift-format-plugin",
      "kind" : "remoteSourceControl",
      "location" : "https://github.com/Brent-Tunnicliff/swift-format-plugin",
      "state" : {
        "revision" : "4783d8fefdc95e7ee7edde17ae505cc871be6e85",
        "version" : "2.0.2"
      }
    }
  ],
  "version" : 3
}
